
Microsoft Visual Studio Solution File, Format Version 12.00
# Visual Studio Version 17
VisualStudioVersion = 17.5.33516.290
MinimumVisualStudioVersion = 10.0.40219.1
Project("{FAE04EC0-301F-11D3-BF4B-00C04F79EFBC}") = "CoffeeShopApi", "CoffeeShopApi\CoffeeShopApi.csproj", "{F794ED7C-2998-4D1F-AADC-D6C9422F0559}"
EndProject
Global
	GlobalSection(SolutionConfigurationPlatforms) = preSolution
		Debug|Any CPU = Debug|Any CPU
		Release|Any CPU = Release|Any CPU
	EndGlobalSection
	GlobalSection(ProjectConfigurationPlatforms) = postSolution
		{F794ED7C-2998-4D1F-AADC-D6C9422F0559}.Debug|Any CPU.ActiveCfg = Debug|Any CPU
		{F794ED7C-2998-4D1F-AADC-D6C9422F0559}.Debug|Any CPU.Build.0 = Debug|Any CPU
		{F794ED7C-2998-4D1F-AADC-D6C9422F0559}.Release|Any CPU.ActiveCfg = Release|Any CPU
		{F794ED7C-2998-4D1F-AADC-D6C9422F0559}.Release|Any CPU.Build.0 = Release|Any CPU
	EndGlobalSection
	GlobalSection(SolutionProperties) = preSolution
		HideSolutionNode = FALSE
	EndGlobalSection
	GlobalSection(ExtensibilityGlobals) = postSolution
		SolutionGuid = {CFB9FE34-7892-4CC7-BBFC-5448B748D76E}
	EndGlobalSection
EndGlobal
